{
    "_readme": [
        "This file locks the dependencies of your project to a known state",
        "Read more about it at http://getcomposer.org/doc/01-basic-usage.md#composer-lock-the-lock-file",
        "This file is @generated automatically"
    ],
    "hash": "3959019976ddba90ebb5d8b895058e21",
    "packages": [
        {
            "name": "guzzle/guzzle",
            "version": "v3.0.5",
            "source": {
                "type": "git",
                "url": "https://github.com/guzzle/guzzle.git",
                "reference": "184407e254ec806d632416a264a7d6bf5b417f4b"
            },
            "dist": {
                "type": "zip",
                "url": "https://api.github.com/repos/guzzle/guzzle/zipball/184407e254ec806d632416a264a7d6bf5b417f4b",
                "reference": "184407e254ec806d632416a264a7d6bf5b417f4b",
                "shasum": ""
            },
            "require": {
                "ext-curl": "*",
                "php": ">=5.3.2",
                "symfony/event-dispatcher": "2.1.*"
            },
            "replace": {
                "guzzle/batch": "self.version",
                "guzzle/cache": "self.version",
                "guzzle/common": "self.version",
                "guzzle/http": "self.version",
                "guzzle/inflection": "self.version",
                "guzzle/iterator": "self.version",
                "guzzle/log": "self.version",
                "guzzle/parser": "self.version",
                "guzzle/plugin": "self.version",
                "guzzle/plugin-async": "self.version",
                "guzzle/plugin-backoff": "self.version",
                "guzzle/plugin-cache": "self.version",
                "guzzle/plugin-cookie": "self.version",
                "guzzle/plugin-curlauth": "self.version",
                "guzzle/plugin-history": "self.version",
                "guzzle/plugin-log": "self.version",
                "guzzle/plugin-md5": "self.version",
                "guzzle/plugin-mock": "self.version",
                "guzzle/plugin-oauth": "self.version",
                "guzzle/service": "self.version",
                "guzzle/stream": "self.version"
            },
            "require-dev": {
                "doctrine/common": "*",
                "monolog/monolog": "1.*",
                "phpunit/phpunit": "3.7.*",
                "symfony/class-loader": "*",
                "zend/zend-cache1": "1.12",
                "zend/zend-log1": "1.12",
                "zendframework/zend-cache": "2.0.*",
                "zendframework/zend-log": "2.0.*"
            },
            "type": "library",
            "autoload": {
                "psr-0": {
                    "Guzzle\\Tests": "tests/",
                    "Guzzle": "src/"
                }
            },
            "notification-url": "https://packagist.org/downloads/",
            "license": [
                "MIT"
            ],
            "authors": [
                {
                    "name": "Michael Dowling",
                    "email": "mtdowling@gmail.com",
                    "homepage": "https://github.com/mtdowling"
                },
                {
                    "name": "Guzzle Community",
                    "homepage": "https://github.com/guzzle/guzzle/contributors"
                }
            ],
            "description": "Guzzle is a PHP HTTP client library and framework for building RESTful web service clients",
            "homepage": "http://guzzlephp.org/",
            "keywords": [
                "client",
                "curl",
                "framework",
                "http",
                "http client",
                "rest",
                "web service"
            ],
            "time": "2012-11-19 00:15:33"
        },
        {
            "name": "scragg0x/govtrack-php",
            "version": "dev-master",
            "source": {
                "type": "git",
                "url": "https://github.com/scragg0x/govtrack-php.git",
                "reference": "2222e04ebed9064680e1b771915ee9fda4e91f01"
            },
            "dist": {
                "type": "zip",
                "url": "https://api.github.com/repos/scragg0x/govtrack-php/zipball/2222e04ebed9064680e1b771915ee9fda4e91f01",
                "reference": "2222e04ebed9064680e1b771915ee9fda4e91f01",
                "shasum": ""
            },
            "require": {
                "guzzle/guzzle": "3.0.5",
                "php": ">=5.3.2"
            },
            "type": "library",
            "autoload": {
                "psr-0": {
                    "GovTrack": "src/"
                }
            },
            "notification-url": "https://packagist.org/downloads/",
            "license": [
                "MIT"
            ],
            "authors": [
                {
                    "name": "Matthew Scragg",
                    "email": "scragg@gmail.com",
                    "homepage": "http://fleckz.com"
                }
            ],
            "description": "govtrack.us API wrapper in php",
            "homepage": "https://github.com/scragg0x/govtrack-php",
            "keywords": [
                "govtrack"
            ],
            "time": "2013-06-18 22:35:36"
        },
        {
            "name": "symfony/event-dispatcher",
            "version": "v2.1.13",
            "target-dir": "Symfony/Component/EventDispatcher",
            "source": {
                "type": "git",
                "url": "https://github.com/symfony/EventDispatcher.git",
                "reference": "e1d18ff0ff6f3e45ac82f000bc221135df635527"
            },
            "dist": {
                "type": "zip",
                "url": "https://api.github.com/repos/symfony/EventDispatcher/zipball/e1d18ff0ff6f3e45ac82f000bc221135df635527",
                "reference": "e1d18ff0ff6f3e45ac82f000bc221135df635527",
                "shasum": ""
            },
            "require": {
                "php": ">=5.3.3"
            },
            "require-dev": {
                "symfony/dependency-injection": "2.1.*"
            },
            "suggest": {
                "symfony/dependency-injection": "2.1.*",
                "symfony/http-kernel": "2.1.*"
            },
            "type": "library",
            "autoload": {
                "psr-0": {
                    "Symfony\\Component\\EventDispatcher": ""
                }
            },
            "notification-url": "https://packagist.org/downloads/",
            "license": [
                "MIT"
            ],
            "authors": [
                {
                    "name": "Fabien Potencier",
                    "email": "fabien@symfony.com",
                    "homepage": "http://fabien.potencier.org",
                    "role": "Lead Developer"
                },
                {
                    "name": "Symfony Community",
                    "homepage": "http://symfony.com/contributors"
                }
            ],
            "description": "Symfony EventDispatcher Component",
            "homepage": "http://symfony.com",
            "time": "2013-02-11 11:26:14"
        }
    ],
    "packages-dev": [],
    "aliases": [],
    "minimum-stability": "stable",
    "stability-flags": {
        "scragg0x/govtrack-php": 20
    },
    "platform": [],
    "platform-dev": []
}
